// !$*UTF8*$!
{
	archiveVersion = 1;
	classes = {
	};
	objectVersion = 45;
	objects = {

/* Begin PBXBuildFile section */
		1D60589F0D05DD5A006BFB54 /* Foundation.framework in Frameworks */ = {isa = PBXBuildFile; fileRef = 1D30AB110D05D00D00671497 /* Foundation.framework */; };
		1DF5F4E00D08C38300B7A737 /* UIKit.framework in Frameworks */ = {isa = PBXBuildFile; fileRef = 1DF5F4DF0D08C38300B7A737 /* UIKit.framework */; };
		28FD15000DC6FC520079059D /* OpenGLES.framework in Frameworks */ = {isa = PBXBuildFile; fileRef = 28FD14FF0DC6FC520079059D /* OpenGLES.framework */; };
		28FD15080DC6FC5B0079059D /* QuartzCore.framework in Frameworks */ = {isa = PBXBuildFile; fileRef = 28FD15070DC6FC5B0079059D /* QuartzCore.framework */; };
		BC7C072C1217CAB2008B4BEB /* data in Resources */ = {isa = PBXBuildFile; fileRef = BC7C06AA1217CAB2008B4BEB /* data */; };
		BC7C093E1217EA31008B4BEB /* Icon-72.png in Resources */ = {isa = PBXBuildFile; fileRef = BC7C093C1217EA31008B4BEB /* Icon-72.png */; };
		BC7C093F1217EA31008B4BEB /* Icon-Small-50.png in Resources */ = {isa = PBXBuildFile; fileRef = BC7C093D1217EA31008B4BEB /* Icon-Small-50.png */; };
		BC7EC97E121A4F3A0074D26D /* Default.png in Resources */ = {isa = PBXBuildFile; fileRef = BC7EC97D121A4F3A0074D26D /* Default.png */; };
		BC85F9621216C45E009070B8 /* Squares3DAppDelegate.m in Sources */ = {isa = PBXBuildFile; fileRef = BC85F9611216C45E009070B8 /* Squares3DAppDelegate.m */; };
		BC85F99B1216C5CE009070B8 /* xmlparse.c in Sources */ = {isa = PBXBuildFile; fileRef = BC85F9981216C5CE009070B8 /* xmlparse.c */; };
		BC85F99C1216C5CE009070B8 /* xmlrole.c in Sources */ = {isa = PBXBuildFile; fileRef = BC85F9991216C5CE009070B8 /* xmlrole.c */; };
		BC85F99D1216C5CE009070B8 /* xmltok.c in Sources */ = {isa = PBXBuildFile; fileRef = BC85F99A1216C5CE009070B8 /* xmltok.c */; };
		BC85F9D61216C76A009070B8 /* glue.cpp in Sources */ = {isa = PBXBuildFile; fileRef = BC85F9D41216C76A009070B8 /* glue.cpp */; };
		BC85F9D91216C85C009070B8 /* game.cpp in Sources */ = {isa = PBXBuildFile; fileRef = BC85F9D71216C85C009070B8 /* game.cpp */; };
		BC85F9DC1216C863009070B8 /* video.cpp in Sources */ = {isa = PBXBuildFile; fileRef = BC85F9DA1216C863009070B8 /* video.cpp */; };
		BC85FA2C1216D46B009070B8 /* audio.cpp in Sources */ = {isa = PBXBuildFile; fileRef = BC85FA1F1216D46B009070B8 /* audio.cpp */; };
		BC85FA2D1216D46B009070B8 /* ball.cpp in Sources */ = {isa = PBXBuildFile; fileRef = BC85FA211216D46B009070B8 /* ball.cpp */; };
		BC85FA2E1216D46B009070B8 /* body.cpp in Sources */ = {isa = PBXBuildFile; fileRef = BC85FA231216D46B009070B8 /* body.cpp */; };
		BC85FA2F1216D46B009070B8 /* camera.cpp in Sources */ = {isa = PBXBuildFile; fileRef = BC85FA251216D46B009070B8 /* camera.cpp */; };
		BC85FA301216D46B009070B8 /* collision.cpp in Sources */ = {isa = PBXBuildFile; fileRef = BC85FA271216D46B009070B8 /* collision.cpp */; };
		BC85FA311216D46B009070B8 /* config.cpp in Sources */ = {isa = PBXBuildFile; fileRef = BC85FA2A1216D46B009070B8 /* config.cpp */; };
		BC85FA541216D479009070B8 /* fence.cpp in Sources */ = {isa = PBXBuildFile; fileRef = BC85FA4A1216D479009070B8 /* fence.cpp */; };
		BC85FA551216D479009070B8 /* file.cpp in Sources */ = {isa = PBXBuildFile; fileRef = BC85FA4C1216D479009070B8 /* file.cpp */; };
		BC85FA561216D479009070B8 /* font.cpp in Sources */ = {isa = PBXBuildFile; fileRef = BC85FA4E1216D479009070B8 /* font.cpp */; };
		BC85FA571216D479009070B8 /* formatter.cpp in Sources */ = {isa = PBXBuildFile; fileRef = BC85FA501216D479009070B8 /* formatter.cpp */; };
		BC85FA581216D479009070B8 /* fps.cpp in Sources */ = {isa = PBXBuildFile; fileRef = BC85FA521216D479009070B8 /* fps.cpp */; };
		BC85FAAA1216D496009070B8 /* geometry.cpp in Sources */ = {isa = PBXBuildFile; fileRef = BC85FA591216D496009070B8 /* geometry.cpp */; };
		BC85FAAB1216D496009070B8 /* grass.cpp in Sources */ = {isa = PBXBuildFile; fileRef = BC85FA5B1216D496009070B8 /* grass.cpp */; };
		BC85FAAC1216D496009070B8 /* input_button.cpp in Sources */ = {isa = PBXBuildFile; fileRef = BC85FA5D1216D496009070B8 /* input_button.cpp */; };
		BC85FAAD1216D496009070B8 /* input_mover.cpp in Sources */ = {isa = PBXBuildFile; fileRef = BC85FA5F1216D496009070B8 /* input_mover.cpp */; };
		BC85FAAE1216D496009070B8 /* input.cpp in Sources */ = {isa = PBXBuildFile; fileRef = BC85FA611216D496009070B8 /* input.cpp */; };
		BC85FAAF1216D496009070B8 /* intro.cpp in Sources */ = {isa = PBXBuildFile; fileRef = BC85FA631216D496009070B8 /* intro.cpp */; };
		BC85FAB01216D496009070B8 /* language.cpp in Sources */ = {isa = PBXBuildFile; fileRef = BC85FA651216D496009070B8 /* language.cpp */; };
		BC85FAB11216D496009070B8 /* level.cpp in Sources */ = {isa = PBXBuildFile; fileRef = BC85FA671216D496009070B8 /* level.cpp */; };
		BC85FAB21216D496009070B8 /* material.cpp in Sources */ = {isa = PBXBuildFile; fileRef = BC85FA691216D496009070B8 /* material.cpp */; };
		BC85FAB31216D496009070B8 /* menu_entries.cpp in Sources */ = {isa = PBXBuildFile; fileRef = BC85FA6B1216D496009070B8 /* menu_entries.cpp */; };
		BC85FAB41216D496009070B8 /* menu_languages.cpp in Sources */ = {isa = PBXBuildFile; fileRef = BC85FA6D1216D496009070B8 /* menu_languages.cpp */; };
		BC85FAB51216D496009070B8 /* menu_submenu.cpp in Sources */ = {isa = PBXBuildFile; fileRef = BC85FA6F1216D496009070B8 /* menu_submenu.cpp */; };
		BC85FAB61216D496009070B8 /* menu.cpp in Sources */ = {isa = PBXBuildFile; fileRef = BC85FA711216D496009070B8 /* menu.cpp */; };
		BC85FAB71216D496009070B8 /* mesh.cpp in Sources */ = {isa = PBXBuildFile; fileRef = BC85FA731216D496009070B8 /* mesh.cpp */; };
		BC85FAB81216D496009070B8 /* message.cpp in Sources */ = {isa = PBXBuildFile; fileRef = BC85FA751216D496009070B8 /* message.cpp */; };
		BC85FAB91216D496009070B8 /* messages.cpp in Sources */ = {isa = PBXBuildFile; fileRef = BC85FA771216D496009070B8 /* messages.cpp */; };
		BC85FABA1216D496009070B8 /* music.cpp in Sources */ = {isa = PBXBuildFile; fileRef = BC85FA791216D496009070B8 /* music.cpp */; };
		BC85FABB1216D496009070B8 /* network.cpp in Sources */ = {isa = PBXBuildFile; fileRef = BC85FA7B1216D496009070B8 /* network.cpp */; };
		BC85FABC1216D496009070B8 /* oggDecoder.cpp in Sources */ = {isa = PBXBuildFile; fileRef = BC85FA7D1216D496009070B8 /* oggDecoder.cpp */; };
		BC85FABD1216D496009070B8 /* player_ai.cpp in Sources */ = {isa = PBXBuildFile; fileRef = BC85FA7F1216D496009070B8 /* player_ai.cpp */; };
		BC85FABE1216D496009070B8 /* player_local.cpp in Sources */ = {isa = PBXBuildFile; fileRef = BC85FA811216D496009070B8 /* player_local.cpp */; };
		BC85FABF1216D496009070B8 /* player.cpp in Sources */ = {isa = PBXBuildFile; fileRef = BC85FA831216D496009070B8 /* player.cpp */; };
		BC85FAC01216D496009070B8 /* profile.cpp in Sources */ = {isa = PBXBuildFile; fileRef = BC85FA851216D496009070B8 /* profile.cpp */; };
		BC85FAC11216D496009070B8 /* properties.cpp in Sources */ = {isa = PBXBuildFile; fileRef = BC85FA871216D496009070B8 /* properties.cpp */; };
		BC85FAC21216D496009070B8 /* property.cpp in Sources */ = {isa = PBXBuildFile; fileRef = BC85FA891216D496009070B8 /* property.cpp */; };
		BC85FAC31216D496009070B8 /* random.cpp in Sources */ = {isa = PBXBuildFile; fileRef = BC85FA8B1216D496009070B8 /* random.cpp */; };
		BC85FAC41216D496009070B8 /* referee_base.cpp in Sources */ = {isa = PBXBuildFile; fileRef = BC85FA8D1216D496009070B8 /* referee_base.cpp */; };
		BC85FAC51216D496009070B8 /* referee_local.cpp in Sources */ = {isa = PBXBuildFile; fileRef = BC85FA8F1216D496009070B8 /* referee_local.cpp */; };
		BC85FAC61216D496009070B8 /* scoreboard.cpp in Sources */ = {isa = PBXBuildFile; fileRef = BC85FA911216D496009070B8 /* scoreboard.cpp */; };
		BC85FAC71216D496009070B8 /* skybox.cpp in Sources */ = {isa = PBXBuildFile; fileRef = BC85FA931216D496009070B8 /* skybox.cpp */; };
		BC85FAC81216D496009070B8 /* sound_buffer.cpp in Sources */ = {isa = PBXBuildFile; fileRef = BC85FA951216D496009070B8 /* sound_buffer.cpp */; };
		BC85FAC91216D496009070B8 /* sound.cpp in Sources */ = {isa = PBXBuildFile; fileRef = BC85FA971216D496009070B8 /* sound.cpp */; };
		BC85FACB1216D496009070B8 /* texture.cpp in Sources */ = {isa = PBXBuildFile; fileRef = BC85FA9D1216D496009070B8 /* texture.cpp */; };
		BC85FACC1216D496009070B8 /* timer.cpp in Sources */ = {isa = PBXBuildFile; fileRef = BC85FA9F1216D496009070B8 /* timer.cpp */; };
		BC85FACD1216D496009070B8 /* utilities.cpp in Sources */ = {isa = PBXBuildFile; fileRef = BC85FAA11216D496009070B8 /* utilities.cpp */; };
		BC85FACE1216D496009070B8 /* vmath.cpp in Sources */ = {isa = PBXBuildFile; fileRef = BC85FAA41216D496009070B8 /* vmath.cpp */; };
		BC85FACF1216D496009070B8 /* world.cpp in Sources */ = {isa = PBXBuildFile; fileRef = BC85FAA61216D496009070B8 /* world.cpp */; };
		BC85FAD01216D496009070B8 /* xml.cpp in Sources */ = {isa = PBXBuildFile; fileRef = BC85FAA81216D496009070B8 /* xml.cpp */; };
		BC85FAD41216D66C009070B8 /* OpenAL.framework in Frameworks */ = {isa = PBXBuildFile; fileRef = BC85FAD31216D66C009070B8 /* OpenAL.framework */; };
		BC89F5B11216BB9800256D13 /* EAGLView.m in Sources */ = {isa = PBXBuildFile; fileRef = BC89F5AC1216BB9800256D13 /* EAGLView.m */; };
		BC89F5B21216BB9800256D13 /* ES1Renderer.m in Sources */ = {isa = PBXBuildFile; fileRef = BC89F5AE1216BB9800256D13 /* ES1Renderer.m */; };
		BC89F5B31216BB9800256D13 /* main.m in Sources */ = {isa = PBXBuildFile; fileRef = BC89F5B01216BB9800256D13 /* main.m */; };
		BC944BAF1219B3280021DFBD /* infback.c in Sources */ = {isa = PBXBuildFile; fileRef = BC944BA21219B3280021DFBD /* infback.c */; };
		BC944BB01219B3280021DFBD /* inffast.c in Sources */ = {isa = PBXBuildFile; fileRef = BC944BA31219B3280021DFBD /* inffast.c */; };
		BC944BB11219B3280021DFBD /* inflate.c in Sources */ = {isa = PBXBuildFile; fileRef = BC944BA61219B3280021DFBD /* inflate.c */; };
		BC944BB21219B3280021DFBD /* inftrees.c in Sources */ = {isa = PBXBuildFile; fileRef = BC944BA81219B3280021DFBD /* inftrees.c */; };
		BC944BB31219B3280021DFBD /* uncompr.c in Sources */ = {isa = PBXBuildFile; fileRef = BC944BAA1219B3280021DFBD /* uncompr.c */; };
		BC944BB41219B3280021DFBD /* zutil.c in Sources */ = {isa = PBXBuildFile; fileRef = BC944BAD1219B3280021DFBD /* zutil.c */; };
		BCB63F991218107D00E6EA77 /* libnewton.a in Frameworks */ = {isa = PBXBuildFile; fileRef = BCB63F981218107D00E6EA77 /* libnewton.a */; };
		BCB6409F1218210500E6EA77 /* bitwise.c in Sources */ = {isa = PBXBuildFile; fileRef = BCB640811218210500E6EA77 /* bitwise.c */; };
		BCB640A01218210500E6EA77 /* block.c in Sources */ = {isa = PBXBuildFile; fileRef = BCB640821218210500E6EA77 /* block.c */; };
		BCB640A11218210500E6EA77 /* codebook.c in Sources */ = {isa = PBXBuildFile; fileRef = BCB640841218210500E6EA77 /* codebook.c */; };
		BCB640A21218210500E6EA77 /* floor0.c in Sources */ = {isa = PBXBuildFile; fileRef = BCB640871218210500E6EA77 /* floor0.c */; };
		BCB640A31218210500E6EA77 /* floor1.c in Sources */ = {isa = PBXBuildFile; fileRef = BCB640881218210500E6EA77 /* floor1.c */; };
		BCB640A41218210500E6EA77 /* framing.c in Sources */ = {isa = PBXBuildFile; fileRef = BCB640891218210500E6EA77 /* framing.c */; };
		BCB640A51218210500E6EA77 /* info.c in Sources */ = {isa = PBXBuildFile; fileRef = BCB6408A1218210500E6EA77 /* info.c */; };
		BCB640A61218210500E6EA77 /* mapping0.c in Sources */ = {isa = PBXBuildFile; fileRef = BCB6408E1218210500E6EA77 /* mapping0.c */; };
		BCB640A71218210500E6EA77 /* mdct.c in Sources */ = {isa = PBXBuildFile; fileRef = BCB640901218210500E6EA77 /* mdct.c */; };
		BCB640A81218210500E6EA77 /* registry.c in Sources */ = {isa = PBXBuildFile; fileRef = BCB640961218210500E6EA77 /* registry.c */; };
		BCB640A91218210500E6EA77 /* res012.c in Sources */ = {isa = PBXBuildFile; fileRef = BCB640981218210500E6EA77 /* res012.c */; };
		BCB640AA1218210500E6EA77 /* sharedbook.c in Sources */ = {isa = PBXBuildFile; fileRef = BCB640991218210500E6EA77 /* sharedbook.c */; };
		BCB640AB1218210500E6EA77 /* synthesis.c in Sources */ = {isa = PBXBuildFile; fileRef = BCB6409A1218210500E6EA77 /* synthesis.c */; };
		BCB640AC1218210500E6EA77 /* vorbisfile.c in Sources */ = {isa = PBXBuildFile; fileRef = BCB6409B1218210500E6EA77 /* vorbisfile.c */; };
		BCB640AD1218210500E6EA77 /* window.c in Sources */ = {isa = PBXBuildFile; fileRef = BCB6409D1218210500E6EA77 /* window.c */; };
/* End PBXBuildFile section */

/* Begin PBXFileReference section */
		1D30AB110D05D00D00671497 /* Foundation.framework */ = {isa = PBXFileReference; lastKnownFileType = wrapper.framework; name = Foundation.framework; path = System/Library/Frameworks/Foundation.framework; sourceTree = SDKROOT; };
		1D6058910D05DD3D006BFB54 /* Squares3D.app */ = {isa = PBXFileReference; explicitFileType = wrapper.application; includeInIndex = 0; path = Squares3D.app; sourceTree = BUILT_PRODUCTS_DIR; };
		1DF5F4DF0D08C38300B7A737 /* UIKit.framework */ = {isa = PBXFileReference; lastKnownFileType = wrapper.framework; name = UIKit.framework; path = System/Library/Frameworks/UIKit.framework; sourceTree = SDKROOT; };
		28FD14FF0DC6FC520079059D /* OpenGLES.framework */ = {isa = PBXFileReference; lastKnownFileType = wrapper.framework; name = OpenGLES.framework; path = System/Library/Frameworks/OpenGLES.framework; sourceTree = SDKROOT; };
		28FD15070DC6FC5B0079059D /* QuartzCore.framework */ = {isa = PBXFileReference; lastKnownFileType = wrapper.framework; name = QuartzCore.framework; path = System/Library/Frameworks/QuartzCore.framework; sourceTree = SDKROOT; };
		8D1107310486CEB800E47090 /* Squares3D-Info.plist */ = {isa = PBXFileReference; fileEncoding = 4; lastKnownFileType = text.plist.xml; path = "Squares3D-Info.plist"; plistStructureDefinitionIdentifier = "com.apple.xcode.plist.structure-definition.iphone.info-plist"; sourceTree = "<group>"; };
		BC7C06AA1217CAB2008B4BEB /* data */ = {isa = PBXFileReference; lastKnownFileType = folder; path = data; sourceTree = "<group>"; };
		BC7C093C1217EA31008B4BEB /* Icon-72.png */ = {isa = PBXFileReference; lastKnownFileType = image.png; path = "Icon-72.png"; sourceTree = "<group>"; };
		BC7C093D1217EA31008B4BEB /* Icon-Small-50.png */ = {isa = PBXFileReference; lastKnownFileType = image.png; path = "Icon-Small-50.png"; sourceTree = "<group>"; };
		BC7EC97D121A4F3A0074D26D /* Default.png */ = {isa = PBXFileReference; lastKnownFileType = image.png; path = Default.png; sourceTree = "<group>"; };
		BC85F9601216C45E009070B8 /* Squares3DAppDelegate.h */ = {isa = PBXFileReference; fileEncoding = 4; lastKnownFileType = sourcecode.c.h; name = Squares3DAppDelegate.h; path = source/Squares3DAppDelegate.h; sourceTree = "<group>"; };
		BC85F9611216C45E009070B8 /* Squares3DAppDelegate.m */ = {isa = PBXFileReference; fileEncoding = 4; lastKnownFileType = sourcecode.c.objc; name = Squares3DAppDelegate.m; path = source/Squares3DAppDelegate.m; sourceTree = "<group>"; };
		BC85F9981216C5CE009070B8 /* xmlparse.c */ = {isa = PBXFileReference; fileEncoding = 4; lastKnownFileType = sourcecode.c.c; name = xmlparse.c; path = expat/xmlparse.c; sourceTree = "<group>"; };
		BC85F9991216C5CE009070B8 /* xmlrole.c */ = {isa = PBXFileReference; fileEncoding = 4; lastKnownFileType = sourcecode.c.c; name = xmlrole.c; path = expat/xmlrole.c; sourceTree = "<group>"; };
		BC85F99A1216C5CE009070B8 /* xmltok.c */ = {isa = PBXFileReference; fileEncoding = 4; lastKnownFileType = sourcecode.c.c; name = xmltok.c; path = expat/xmltok.c; sourceTree = "<group>"; };
		BC85F9D41216C76A009070B8 /* glue.cpp */ = {isa = PBXFileReference; fileEncoding = 4; lastKnownFileType = sourcecode.cpp.cpp; name = glue.cpp; path = source/glue.cpp; sourceTree = "<group>"; };
		BC85F9D51216C76A009070B8 /* glue.h */ = {isa = PBXFileReference; fileEncoding = 4; lastKnownFileType = sourcecode.c.h; name = glue.h; path = source/glue.h; sourceTree = "<group>"; };
		BC85F9D71216C85C009070B8 /* game.cpp */ = {isa = PBXFileReference; fileEncoding = 4; lastKnownFileType = sourcecode.cpp.cpp; name = game.cpp; path = source/game.cpp; sourceTree = "<group>"; };
		BC85F9D81216C85C009070B8 /* game.h */ = {isa = PBXFileReference; fileEncoding = 4; lastKnownFileType = sourcecode.c.h; name = game.h; path = source/game.h; sourceTree = "<group>"; };
		BC85F9DA1216C863009070B8 /* video.cpp */ = {isa = PBXFileReference; fileEncoding = 4; lastKnownFileType = sourcecode.cpp.cpp; name = video.cpp; path = source/video.cpp; sourceTree = "<group>"; };
		BC85F9DB1216C863009070B8 /* video.h */ = {isa = PBXFileReference; fileEncoding = 4; lastKnownFileType = sourcecode.c.h; name = video.h; path = source/video.h; sourceTree = "<group>"; };
		BC85F9DD1216C8AA009070B8 /* common.h */ = {isa = PBXFileReference; fileEncoding = 4; lastKnownFileType = sourcecode.c.h; name = common.h; path = source/common.h; sourceTree = "<group>"; };
		BC85FA1F1216D46B009070B8 /* audio.cpp */ = {isa = PBXFileReference; fileEncoding = 4; lastKnownFileType = sourcecode.cpp.cpp; name = audio.cpp; path = source/audio.cpp; sourceTree = "<group>"; };
		BC85FA201216D46B009070B8 /* audio.h */ = {isa = PBXFileReference; fileEncoding = 4; lastKnownFileType = sourcecode.c.h; name = audio.h; path = source/audio.h; sourceTree = "<group>"; };
		BC85FA211216D46B009070B8 /* ball.cpp */ = {isa = PBXFileReference; fileEncoding = 4; lastKnownFileType = sourcecode.cpp.cpp; name = ball.cpp; path = source/ball.cpp; sourceTree = "<group>"; };
		BC85FA221216D46B009070B8 /* ball.h */ = {isa = PBXFileReference; fileEncoding = 4; lastKnownFileType = sourcecode.c.h; name = ball.h; path = source/ball.h; sourceTree = "<group>"; };
		BC85FA231216D46B009070B8 /* body.cpp */ = {isa = PBXFileReference; fileEncoding = 4; lastKnownFileType = sourcecode.cpp.cpp; name = body.cpp; path = source/body.cpp; sourceTree = "<group>"; };
		BC85FA241216D46B009070B8 /* body.h */ = {isa = PBXFileReference; fileEncoding = 4; lastKnownFileType = sourcecode.c.h; name = body.h; path = source/body.h; sourceTree = "<group>"; };
		BC85FA251216D46B009070B8 /* camera.cpp */ = {isa = PBXFileReference; fileEncoding = 4; lastKnownFileType = sourcecode.cpp.cpp; name = camera.cpp; path = source/camera.cpp; sourceTree = "<group>"; };
		BC85FA261216D46B009070B8 /* camera.h */ = {isa = PBXFileReference; fileEncoding = 4; lastKnownFileType = sourcecode.c.h; name = camera.h; path = source/camera.h; sourceTree = "<group>"; };
		BC85FA271216D46B009070B8 /* collision.cpp */ = {isa = PBXFileReference; fileEncoding = 4; lastKnownFileType = sourcecode.cpp.cpp; name = collision.cpp; path = source/collision.cpp; sourceTree = "<group>"; };
		BC85FA281216D46B009070B8 /* collision.h */ = {isa = PBXFileReference; fileEncoding = 4; lastKnownFileType = sourcecode.c.h; name = collision.h; path = source/collision.h; sourceTree = "<group>"; };
		BC85FA291216D46B009070B8 /* colors.h */ = {isa = PBXFileReference; fileEncoding = 4; lastKnownFileType = sourcecode.c.h; name = colors.h; path = source/colors.h; sourceTree = "<group>"; };
		BC85FA2A1216D46B009070B8 /* config.cpp */ = {isa = PBXFileReference; fileEncoding = 4; lastKnownFileType = sourcecode.cpp.cpp; name = config.cpp; path = source/config.cpp; sourceTree = "<group>"; };
		BC85FA2B1216D46B009070B8 /* config.h */ = {isa = PBXFileReference; fileEncoding = 4; lastKnownFileType = sourcecode.c.h; name = config.h; path = source/config.h; sourceTree = "<group>"; };
		BC85FA4A1216D479009070B8 /* fence.cpp */ = {isa = PBXFileReference; fileEncoding = 4; lastKnownFileType = sourcecode.cpp.cpp; name = fence.cpp; path = source/fence.cpp; sourceTree = "<group>"; };
		BC85FA4B1216D479009070B8 /* fence.h */ = {isa = PBXFileReference; fileEncoding = 4; lastKnownFileType = sourcecode.c.h; name = fence.h; path = source/fence.h; sourceTree = "<group>"; };
		BC85FA4C1216D479009070B8 /* file.cpp */ = {isa = PBXFileReference; fileEncoding = 4; lastKnownFileType = sourcecode.cpp.cpp; name = file.cpp; path = source/file.cpp; sourceTree = "<group>"; };
		BC85FA4D1216D479009070B8 /* file.h */ = {isa = PBXFileReference; fileEncoding = 4; lastKnownFileType = sourcecode.c.h; name = file.h; path = source/file.h; sourceTree = "<group>"; };
		BC85FA4E1216D479009070B8 /* font.cpp */ = {isa = PBXFileReference; fileEncoding = 4; lastKnownFileType = sourcecode.cpp.cpp; name = font.cpp; path = source/font.cpp; sourceTree = "<group>"; };
		BC85FA4F1216D479009070B8 /* font.h */ = {isa = PBXFileReference; fileEncoding = 4; lastKnownFileType = sourcecode.c.h; name = font.h; path = source/font.h; sourceTree = "<group>"; };
		BC85FA501216D479009070B8 /* formatter.cpp */ = {isa = PBXFileReference; fileEncoding = 4; lastKnownFileType = sourcecode.cpp.cpp; name = formatter.cpp; path = source/formatter.cpp; sourceTree = "<group>"; };
		BC85FA511216D479009070B8 /* formatter.h */ = {isa = PBXFileReference; fileEncoding = 4; lastKnownFileType = sourcecode.c.h; name = formatter.h; path = source/formatter.h; sourceTree = "<group>"; };
		BC85FA521216D479009070B8 /* fps.cpp */ = {isa = PBXFileReference; fileEncoding = 4; lastKnownFileType = sourcecode.cpp.cpp; name = fps.cpp; path = source/fps.cpp; sourceTree = "<group>"; };
		BC85FA531216D479009070B8 /* fps.h */ = {isa = PBXFileReference; fileEncoding = 4; lastKnownFileType = sourcecode.c.h; name = fps.h; path = source/fps.h; sourceTree = "<group>"; };
		BC85FA591216D496009070B8 /* geometry.cpp */ = {isa = PBXFileReference; fileEncoding = 4; lastKnownFileType = sourcecode.cpp.cpp; name = geometry.cpp; path = source/geometry.cpp; sourceTree = "<group>"; };
		BC85FA5A1216D496009070B8 /* geometry.h */ = {isa = PBXFileReference; fileEncoding = 4; lastKnownFileType = sourcecode.c.h; name = geometry.h; path = source/geometry.h; sourceTree = "<group>"; };
		BC85FA5B1216D496009070B8 /* grass.cpp */ = {isa = PBXFileReference; fileEncoding = 4; lastKnownFileType = sourcecode.cpp.cpp; name = grass.cpp; path = source/grass.cpp; sourceTree = "<group>"; };
		BC85FA5C1216D496009070B8 /* grass.h */ = {isa = PBXFileReference; fileEncoding = 4; lastKnownFileType = sourcecode.c.h; name = grass.h; path = source/grass.h; sourceTree = "<group>"; };
		BC85FA5D1216D496009070B8 /* input_button.cpp */ = {isa = PBXFileReference; fileEncoding = 4; lastKnownFileType = sourcecode.cpp.cpp; name = input_button.cpp; path = source/input_button.cpp; sourceTree = "<group>"; };
		BC85FA5E1216D496009070B8 /* input_button.h */ = {isa = PBXFileReference; fileEncoding = 4; lastKnownFileType = sourcecode.c.h; name = input_button.h; path = source/input_button.h; sourceTree = "<group>"; };
		BC85FA5F1216D496009070B8 /* input_mover.cpp */ = {isa = PBXFileReference; fileEncoding = 4; lastKnownFileType = sourcecode.cpp.cpp; name = input_mover.cpp; path = source/input_mover.cpp; sourceTree = "<group>"; };
		BC85FA601216D496009070B8 /* input_mover.h */ = {isa = PBXFileReference; fileEncoding = 4; lastKnownFileType = sourcecode.c.h; name = input_mover.h; path = source/input_mover.h; sourceTree = "<group>"; };
		BC85FA611216D496009070B8 /* input.cpp */ = {isa = PBXFileReference; fileEncoding = 4; lastKnownFileType = sourcecode.cpp.cpp; name = input.cpp; path = source/input.cpp; sourceTree = "<group>"; };
		BC85FA621216D496009070B8 /* input.h */ = {isa = PBXFileReference; fileEncoding = 4; lastKnownFileType = sourcecode.c.h; name = input.h; path = source/input.h; sourceTree = "<group>"; };
		BC85FA631216D496009070B8 /* intro.cpp */ = {isa = PBXFileReference; fileEncoding = 4; lastKnownFileType = sourcecode.cpp.cpp; name = intro.cpp; path = source/intro.cpp; sourceTree = "<group>"; };
		BC85FA641216D496009070B8 /* intro.h */ = {isa = PBXFileReference; fileEncoding = 4; lastKnownFileType = sourcecode.c.h; name = intro.h; path = source/intro.h; sourceTree = "<group>"; };
		BC85FA651216D496009070B8 /* language.cpp */ = {isa = PBXFileReference; fileEncoding = 4; lastKnownFileType = sourcecode.cpp.cpp; name = language.cpp; path = source/language.cpp; sourceTree = "<group>"; };
		BC85FA661216D496009070B8 /* language.h */ = {isa = PBXFileReference; fileEncoding = 4; lastKnownFileType = sourcecode.c.h; name = language.h; path = source/language.h; sourceTree = "<group>"; };
		BC85FA671216D496009070B8 /* level.cpp */ = {isa = PBXFileReference; fileEncoding = 4; lastKnownFileType = sourcecode.cpp.cpp; name = level.cpp; path = source/level.cpp; sourceTree = "<group>"; };
		BC85FA681216D496009070B8 /* level.h */ = {isa = PBXFileReference; fileEncoding = 4; lastKnownFileType = sourcecode.c.h; name = level.h; path = source/level.h; sourceTree = "<group>"; };
		BC85FA691216D496009070B8 /* material.cpp */ = {isa = PBXFileReference; fileEncoding = 4; lastKnownFileType = sourcecode.cpp.cpp; name = material.cpp; path = source/material.cpp; sourceTree = "<group>"; };
		BC85FA6A1216D496009070B8 /* material.h */ = {isa = PBXFileReference; fileEncoding = 4; lastKnownFileType = sourcecode.c.h; name = material.h; path = source/material.h; sourceTree = "<group>"; };
		BC85FA6B1216D496009070B8 /* menu_entries.cpp */ = {isa = PBXFileReference; fileEncoding = 4; lastKnownFileType = sourcecode.cpp.cpp; name = menu_entries.cpp; path = source/menu_entries.cpp; sourceTree = "<group>"; };
		BC85FA6C1216D496009070B8 /* menu_entries.h */ = {isa = PBXFileReference; fileEncoding = 4; lastKnownFileType = sourcecode.c.h; name = menu_entries.h; path = source/menu_entries.h; sourceTree = "<group>"; };
		BC85FA6D1216D496009070B8 /* menu_languages.cpp */ = {isa = PBXFileReference; fileEncoding = 4; lastKnownFileType = sourcecode.cpp.cpp; name = menu_languages.cpp; path = source/menu_languages.cpp; sourceTree = "<group>"; };
		BC85FA6E1216D496009070B8 /* menu_languages.h */ = {isa = PBXFileReference; fileEncoding = 4; lastKnownFileType = sourcecode.c.h; name = menu_languages.h; path = source/menu_languages.h; sourceTree = "<group>"; };
		BC85FA6F1216D496009070B8 /* menu_submenu.cpp */ = {isa = PBXFileReference; fileEncoding = 4; lastKnownFileType = sourcecode.cpp.cpp; name = menu_submenu.cpp; path = source/menu_submenu.cpp; sourceTree = "<group>"; };
		BC85FA701216D496009070B8 /* menu_submenu.h */ = {isa = PBXFileReference; fileEncoding = 4; lastKnownFileType = sourcecode.c.h; name = menu_submenu.h; path = source/menu_submenu.h; sourceTree = "<group>"; };
		BC85FA711216D496009070B8 /* menu.cpp */ = {isa = PBXFileReference; fileEncoding = 4; lastKnownFileType = sourcecode.cpp.cpp; name = menu.cpp; path = source/menu.cpp; sourceTree = "<group>"; };
		BC85FA721216D496009070B8 /* menu.h */ = {isa = PBXFileReference; fileEncoding = 4; lastKnownFileType = sourcecode.c.h; name = menu.h; path = source/menu.h; sourceTree = "<group>"; };
		BC85FA731216D496009070B8 /* mesh.cpp */ = {isa = PBXFileReference; fileEncoding = 4; lastKnownFileType = sourcecode.cpp.cpp; name = mesh.cpp; path = source/mesh.cpp; sourceTree = "<group>"; };
		BC85FA741216D496009070B8 /* mesh.h */ = {isa = PBXFileReference; fileEncoding = 4; lastKnownFileType = sourcecode.c.h; name = mesh.h; path = source/mesh.h; sourceTree = "<group>"; };
		BC85FA751216D496009070B8 /* message.cpp */ = {isa = PBXFileReference; fileEncoding = 4; lastKnownFileType = sourcecode.cpp.cpp; name = message.cpp; path = source/message.cpp; sourceTree = "<group>"; };
		BC85FA761216D496009070B8 /* message.h */ = {isa = PBXFileReference; fileEncoding = 4; lastKnownFileType = sourcecode.c.h; name = message.h; path = source/message.h; sourceTree = "<group>"; };
		BC85FA771216D496009070B8 /* messages.cpp */ = {isa = PBXFileReference; fileEncoding = 4; lastKnownFileType = sourcecode.cpp.cpp; name = messages.cpp; path = source/messages.cpp; sourceTree = "<group>"; };
		BC85FA781216D496009070B8 /* messages.h */ = {isa = PBXFileReference; fileEncoding = 4; lastKnownFileType = sourcecode.c.h; name = messages.h; path = source/messages.h; sourceTree = "<group>"; };
		BC85FA791216D496009070B8 /* music.cpp */ = {isa = PBXFileReference; fileEncoding = 4; lastKnownFileType = sourcecode.cpp.cpp; name = music.cpp; path = source/music.cpp; sourceTree = "<group>"; };
		BC85FA7A1216D496009070B8 /* music.h */ = {isa = PBXFileReference; fileEncoding = 4; lastKnownFileType = sourcecode.c.h; name = music.h; path = source/music.h; sourceTree = "<group>"; };
		BC85FA7B1216D496009070B8 /* network.cpp */ = {isa = PBXFileReference; fileEncoding = 4; lastKnownFileType = sourcecode.cpp.cpp; name = network.cpp; path = source/network.cpp; sourceTree = "<group>"; };
		BC85FA7C1216D496009070B8 /* network.h */ = {isa = PBXFileReference; fileEncoding = 4; lastKnownFileType = sourcecode.c.h; name = network.h; path = source/network.h; sourceTree = "<group>"; };
		BC85FA7D1216D496009070B8 /* oggDecoder.cpp */ = {isa = PBXFileReference; fileEncoding = 4; lastKnownFileType = sourcecode.cpp.cpp; name = oggDecoder.cpp; path = source/oggDecoder.cpp; sourceTree = "<group>"; };
		BC85FA7E1216D496009070B8 /* oggDecoder.h */ = {isa = PBXFileReference; fileEncoding = 4; lastKnownFileType = sourcecode.c.h; name = oggDecoder.h; path = source/oggDecoder.h; sourceTree = "<group>"; };
		BC85FA7F1216D496009070B8 /* player_ai.cpp */ = {isa = PBXFileReference; fileEncoding = 4; lastKnownFileType = sourcecode.cpp.cpp; name = player_ai.cpp; path = source/player_ai.cpp; sourceTree = "<group>"; };
		BC85FA801216D496009070B8 /* player_ai.h */ = {isa = PBXFileReference; fileEncoding = 4; lastKnownFileType = sourcecode.c.h; name = player_ai.h; path = source/player_ai.h; sourceTree = "<group>"; };
		BC85FA811216D496009070B8 /* player_local.cpp */ = {isa = PBXFileReference; fileEncoding = 4; lastKnownFileType = sourcecode.cpp.cpp; name = player_local.cpp; path = source/player_local.cpp; sourceTree = "<group>"; };
		BC85FA821216D496009070B8 /* player_local.h */ = {isa = PBXFileReference; fileEncoding = 4; lastKnownFileType = sourcecode.c.h; name = player_local.h; path = source/player_local.h; sourceTree = "<group>"; };
		BC85FA831216D496009070B8 /* player.cpp */ = {isa = PBXFileReference; fileEncoding = 4; lastKnownFileType = sourcecode.cpp.cpp; name = player.cpp; path = source/player.cpp; sourceTree = "<group>"; };
		BC85FA841216D496009070B8 /* player.h */ = {isa = PBXFileReference; fileEncoding = 4; lastKnownFileType = sourcecode.c.h; name = player.h; path = source/player.h; sourceTree = "<group>"; };
		BC85FA851216D496009070B8 /* profile.cpp */ = {isa = PBXFileReference; fileEncoding = 4; lastKnownFileType = sourcecode.cpp.cpp; name = profile.cpp; path = source/profile.cpp; sourceTree = "<group>"; };
		BC85FA861216D496009070B8 /* profile.h */ = {isa = PBXFileReference; fileEncoding = 4; lastKnownFileType = sourcecode.c.h; name = profile.h; path = source/profile.h; sourceTree = "<group>"; };
		BC85FA871216D496009070B8 /* properties.cpp */ = {isa = PBXFileReference; fileEncoding = 4; lastKnownFileType = sourcecode.cpp.cpp; name = properties.cpp; path = source/properties.cpp; sourceTree = "<group>"; };
		BC85FA881216D496009070B8 /* properties.h */ = {isa = PBXFileReference; fileEncoding = 4; lastKnownFileType = sourcecode.c.h; name = properties.h; path = source/properties.h; sourceTree = "<group>"; };
		BC85FA891216D496009070B8 /* property.cpp */ = {isa = PBXFileReference; fileEncoding = 4; lastKnownFileType = sourcecode.cpp.cpp; name = property.cpp; path = source/property.cpp; sourceTree = "<group>"; };
		BC85FA8A1216D496009070B8 /* property.h */ = {isa = PBXFileReference; fileEncoding = 4; lastKnownFileType = sourcecode.c.h; name = property.h; path = source/property.h; sourceTree = "<group>"; };
		BC85FA8B1216D496009070B8 /* random.cpp */ = {isa = PBXFileReference; fileEncoding = 4; lastKnownFileType = sourcecode.cpp.cpp; name = random.cpp; path = source/random.cpp; sourceTree = "<group>"; };
		BC85FA8C1216D496009070B8 /* random.h */ = {isa = PBXFileReference; fileEncoding = 4; lastKnownFileType = sourcecode.c.h; name = random.h; path = source/random.h; sourceTree = "<group>"; };
		BC85FA8D1216D496009070B8 /* referee_base.cpp */ = {isa = PBXFileReference; fileEncoding = 4; lastKnownFileType = sourcecode.cpp.cpp; name = referee_base.cpp; path = source/referee_base.cpp; sourceTree = "<group>"; };
		BC85FA8E1216D496009070B8 /* referee_base.h */ = {isa = PBXFileReference; fileEncoding = 4; lastKnownFileType = sourcecode.c.h; name = referee_base.h; path = source/referee_base.h; sourceTree = "<group>"; };
		BC85FA8F1216D496009070B8 /* referee_local.cpp */ = {isa = PBXFileReference; fileEncoding = 4; lastKnownFileType = sourcecode.cpp.cpp; name = referee_local.cpp; path = source/referee_local.cpp; sourceTree = "<group>"; };
		BC85FA901216D496009070B8 /* referee_local.h */ = {isa = PBXFileReference; fileEncoding = 4; lastKnownFileType = sourcecode.c.h; name = referee_local.h; path = source/referee_local.h; sourceTree = "<group>"; };
		BC85FA911216D496009070B8 /* scoreboard.cpp */ = {isa = PBXFileReference; fileEncoding = 4; lastKnownFileType = sourcecode.cpp.cpp; name = scoreboard.cpp; path = source/scoreboard.cpp; sourceTree = "<group>"; };
		BC85FA921216D496009070B8 /* scoreboard.h */ = {isa = PBXFileReference; fileEncoding = 4; lastKnownFileType = sourcecode.c.h; name = scoreboard.h; path = source/scoreboard.h; sourceTree = "<group>"; };
		BC85FA931216D496009070B8 /* skybox.cpp */ = {isa = PBXFileReference; fileEncoding = 4; lastKnownFileType = sourcecode.cpp.cpp; name = skybox.cpp; path = source/skybox.cpp; sourceTree = "<group>"; };
		BC85FA941216D496009070B8 /* skybox.h */ = {isa = PBXFileReference; fileEncoding = 4; lastKnownFileType = sourcecode.c.h; name = skybox.h; path = source/skybox.h; sourceTree = "<group>"; };
		BC85FA951216D496009070B8 /* sound_buffer.cpp */ = {isa = PBXFileReference; fileEncoding = 4; lastKnownFileType = sourcecode.cpp.cpp; name = sound_buffer.cpp; path = source/sound_buffer.cpp; sourceTree = "<group>"; };
		BC85FA961216D496009070B8 /* sound_buffer.h */ = {isa = PBXFileReference; fileEncoding = 4; lastKnownFileType = sourcecode.c.h; name = sound_buffer.h; path = source/sound_buffer.h; sourceTree = "<group>"; };
		BC85FA971216D496009070B8 /* sound.cpp */ = {isa = PBXFileReference; fileEncoding = 4; lastKnownFileType = sourcecode.cpp.cpp; name = sound.cpp; path = source/sound.cpp; sourceTree = "<group>"; };
		BC85FA981216D496009070B8 /* sound.h */ = {isa = PBXFileReference; fileEncoding = 4; lastKnownFileType = sourcecode.c.h; name = sound.h; path = source/sound.h; sourceTree = "<group>"; };
		BC85FA991216D496009070B8 /* state.h */ = {isa = PBXFileReference; fileEncoding = 4; lastKnownFileType = sourcecode.c.h; name = state.h; path = source/state.h; sourceTree = "<group>"; };
		BC85FA9C1216D496009070B8 /* system.h */ = {isa = PBXFileReference; fileEncoding = 4; lastKnownFileType = sourcecode.c.h; name = system.h; path = source/system.h; sourceTree = "<group>"; };
		BC85FA9D1216D496009070B8 /* texture.cpp */ = {isa = PBXFileReference; fileEncoding = 4; lastKnownFileType = sourcecode.cpp.cpp; name = texture.cpp; path = source/texture.cpp; sourceTree = "<group>"; };
		BC85FA9E1216D496009070B8 /* texture.h */ = {isa = PBXFileReference; fileEncoding = 4; lastKnownFileType = sourcecode.c.h; name = texture.h; path = source/texture.h; sourceTree = "<group>"; };
		BC85FA9F1216D496009070B8 /* timer.cpp */ = {isa = PBXFileReference; fileEncoding = 4; lastKnownFileType = sourcecode.cpp.cpp; name = timer.cpp; path = source/timer.cpp; sourceTree = "<group>"; };
		BC85FAA01216D496009070B8 /* timer.h */ = {isa = PBXFileReference; fileEncoding = 4; lastKnownFileType = sourcecode.c.h; name = timer.h; path = source/timer.h; sourceTree = "<group>"; };
		BC85FAA11216D496009070B8 /* utilities.cpp */ = {isa = PBXFileReference; fileEncoding = 4; lastKnownFileType = sourcecode.cpp.cpp; name = utilities.cpp; path = source/utilities.cpp; sourceTree = "<group>"; };
		BC85FAA21216D496009070B8 /* utilities.h */ = {isa = PBXFileReference; fileEncoding = 4; lastKnownFileType = sourcecode.c.h; name = utilities.h; path = source/utilities.h; sourceTree = "<group>"; };
		BC85FAA31216D496009070B8 /* version.h */ = {isa = PBXFileReference; fileEncoding = 4; lastKnownFileType = sourcecode.c.h; name = version.h; path = source/version.h; sourceTree = "<group>"; };
		BC85FAA41216D496009070B8 /* vmath.cpp */ = {isa = PBXFileReference; fileEncoding = 4; lastKnownFileType = sourcecode.cpp.cpp; name = vmath.cpp; path = source/vmath.cpp; sourceTree = "<group>"; };
		BC85FAA51216D496009070B8 /* vmath.h */ = {isa = PBXFileReference; fileEncoding = 4; lastKnownFileType = sourcecode.c.h; name = vmath.h; path = source/vmath.h; sourceTree = "<group>"; };
		BC85FAA61216D496009070B8 /* world.cpp */ = {isa = PBXFileReference; fileEncoding = 4; lastKnownFileType = sourcecode.cpp.cpp; name = world.cpp; path = source/world.cpp; sourceTree = "<group>"; };
		BC85FAA71216D496009070B8 /* world.h */ = {isa = PBXFileReference; fileEncoding = 4; lastKnownFileType = sourcecode.c.h; name = world.h; path = source/world.h; sourceTree = "<group>"; };
		BC85FAA81216D496009070B8 /* xml.cpp */ = {isa = PBXFileReference; fileEncoding = 4; lastKnownFileType = sourcecode.cpp.cpp; name = xml.cpp; path = source/xml.cpp; sourceTree = "<group>"; };
		BC85FAA91216D496009070B8 /* xml.h */ = {isa = PBXFileReference; fileEncoding = 4; lastKnownFileType = sourcecode.c.h; name = xml.h; path = source/xml.h; sourceTree = "<group>"; };
		BC85FAD31216D66C009070B8 /* OpenAL.framework */ = {isa = PBXFileReference; lastKnownFileType = wrapper.framework; name = OpenAL.framework; path = System/Library/Frameworks/OpenAL.framework; sourceTree = SDKROOT; };
		BC89F5AB1216BB9800256D13 /* EAGLView.h */ = {isa = PBXFileReference; fileEncoding = 4; lastKnownFileType = sourcecode.c.h; name = EAGLView.h; path = source/EAGLView.h; sourceTree = "<group>"; };
		BC89F5AC1216BB9800256D13 /* EAGLView.m */ = {isa = PBXFileReference; fileEncoding = 4; lastKnownFileType = sourcecode.c.objc; name = EAGLView.m; path = source/EAGLView.m; sourceTree = "<group>"; };
		BC89F5AD1216BB9800256D13 /* ES1Renderer.h */ = {isa = PBXFileReference; fileEncoding = 4; lastKnownFileType = sourcecode.c.h; name = ES1Renderer.h; path = source/ES1Renderer.h; sourceTree = "<group>"; };
		BC89F5AE1216BB9800256D13 /* ES1Renderer.m */ = {isa = PBXFileReference; fileEncoding = 4; lastKnownFileType = sourcecode.c.objc; name = ES1Renderer.m; path = source/ES1Renderer.m; sourceTree = "<group>"; };
		BC89F5AF1216BB9800256D13 /* ESRenderer.h */ = {isa = PBXFileReference; fileEncoding = 4; lastKnownFileType = sourcecode.c.h; name = ESRenderer.h; path = source/ESRenderer.h; sourceTree = "<group>"; };
		BC89F5B01216BB9800256D13 /* main.m */ = {isa = PBXFileReference; fileEncoding = 4; lastKnownFileType = sourcecode.c.objc; name = main.m; path = source/main.m; sourceTree = "<group>"; };
		BC944BA21219B3280021DFBD /* infback.c */ = {isa = PBXFileReference; fileEncoding = 4; lastKnownFileType = sourcecode.c.c; name = infback.c; path = zlib/infback.c; sourceTree = "<group>"; };
		BC944BA31219B3280021DFBD /* inffast.c */ = {isa = PBXFileReference; fileEncoding = 4; lastKnownFileType = sourcecode.c.c; name = inffast.c; path = zlib/inffast.c; sourceTree = "<group>"; };
		BC944BA41219B3280021DFBD /* inffast.h */ = {isa = PBXFileReference; fileEncoding = 4; lastKnownFileType = sourcecode.c.h; name = inffast.h; path = zlib/inffast.h; sourceTree = "<group>"; };
		BC944BA51219B3280021DFBD /* inffixed.h */ = {isa = PBXFileReference; fileEncoding = 4; lastKnownFileType = sourcecode.c.h; name = inffixed.h; path = zlib/inffixed.h; sourceTree = "<group>"; };
		BC944BA61219B3280021DFBD /* inflate.c */ = {isa = PBXFileReference; fileEncoding = 4; lastKnownFileType = sourcecode.c.c; name = inflate.c; path = zlib/inflate.c; sourceTree = "<group>"; };
		BC944BA71219B3280021DFBD /* inflate.h */ = {isa = PBXFileReference; fileEncoding = 4; lastKnownFileType = sourcecode.c.h; name = inflate.h; path = zlib/inflate.h; sourceTree = "<group>"; };
		BC944BA81219B3280021DFBD /* inftrees.c */ = {isa = PBXFileReference; fileEncoding = 4; lastKnownFileType = sourcecode.c.c; name = inftrees.c; path = zlib/inftrees.c; sourceTree = "<group>"; };
		BC944BA91219B3280021DFBD /* inftrees.h */ = {isa = PBXFileReference; fileEncoding = 4; lastKnownFileType = sourcecode.c.h; name = inftrees.h; path = zlib/inftrees.h; sourceTree = "<group>"; };
		BC944BAA1219B3280021DFBD /* uncompr.c */ = {isa = PBXFileReference; fileEncoding = 4; lastKnownFileType = sourcecode.c.c; name = uncompr.c; path = zlib/uncompr.c; sourceTree = "<group>"; };
		BC944BAB1219B3280021DFBD /* zconf.h */ = {isa = PBXFileReference; fileEncoding = 4; lastKnownFileType = sourcecode.c.h; name = zconf.h; path = zlib/zconf.h; sourceTree = "<group>"; };
		BC944BAC1219B3280021DFBD /* zlib.h */ = {isa = PBXFileReference; fileEncoding = 4; lastKnownFileType = sourcecode.c.h; name = zlib.h; path = zlib/zlib.h; sourceTree = "<group>"; };
		BC944BAD1219B3280021DFBD /* zutil.c */ = {isa = PBXFileReference; fileEncoding = 4; lastKnownFileType = sourcecode.c.c; name = zutil.c; path = zlib/zutil.c; sourceTree = "<group>"; };
		BC944BAE1219B3280021DFBD /* zutil.h */ = {isa = PBXFileReference; fileEncoding = 4; lastKnownFileType = sourcecode.c.h; name = zutil.h; path = zlib/zutil.h; sourceTree = "<group>"; };
		BC944BC81219B8C80021DFBD /* pvr.h */ = {isa = PBXFileReference; fileEncoding = 4; lastKnownFileType = sourcecode.c.h; name = pvr.h; path = source/pvr.h; sourceTree = "<group>"; };
		BCB63F981218107D00E6EA77 /* libnewton.a */ = {isa = PBXFileReference; lastKnownFileType = archive.ar; name = libnewton.a; path = newton/libnewton.a; sourceTree = "<group>"; };
		BCB6407F1218210500E6EA77 /* asm_arm.h */ = {isa = PBXFileReference; fileEncoding = 4; lastKnownFileType = sourcecode.c.h; name = asm_arm.h; path = tremor/asm_arm.h; sourceTree = "<group>"; };
		BCB640801218210500E6EA77 /* backends.h */ = {isa = PBXFileReference; fileEncoding = 4; lastKnownFileType = sourcecode.c.h; name = backends.h; path = tremor/backends.h; sourceTree = "<group>"; };
		BCB640811218210500E6EA77 /* bitwise.c */ = {isa = PBXFileReference; fileEncoding = 4; lastKnownFileType = sourcecode.c.c; name = bitwise.c; path = tremor/bitwise.c; sourceTree = "<group>"; };
		BCB640821218210500E6EA77 /* block.c */ = {isa = PBXFileReference; fileEncoding = 4; lastKnownFileType = sourcecode.c.c; name = block.c; path = tremor/block.c; sourceTree = "<group>"; };
		BCB640831218210500E6EA77 /* block.h */ = {isa = PBXFileReference; fileEncoding = 4; lastKnownFileType = sourcecode.c.h; name = block.h; path = tremor/block.h; sourceTree = "<group>"; };
		BCB640841218210500E6EA77 /* codebook.c */ = {isa = PBXFileReference; fileEncoding = 4; lastKnownFileType = sourcecode.c.c; name = codebook.c; path = tremor/codebook.c; sourceTree = "<group>"; };
		BCB640851218210500E6EA77 /* codebook.h */ = {isa = PBXFileReference; fileEncoding = 4; lastKnownFileType = sourcecode.c.h; name = codebook.h; path = tremor/codebook.h; sourceTree = "<group>"; };
		BCB640861218210500E6EA77 /* codec_internal.h */ = {isa = PBXFileReference; fileEncoding = 4; lastKnownFileType = sourcecode.c.h; name = codec_internal.h; path = tremor/codec_internal.h; sourceTree = "<group>"; };
		BCB640871218210500E6EA77 /* floor0.c */ = {isa = PBXFileReference; fileEncoding = 4; lastKnownFileType = sourcecode.c.c; name = floor0.c; path = tremor/floor0.c; sourceTree = "<group>"; };
		BCB640881218210500E6EA77 /* floor1.c */ = {isa = PBXFileReference; fileEncoding = 4; lastKnownFileType = sourcecode.c.c; name = floor1.c; path = tremor/floor1.c; sourceTree = "<group>"; };
		BCB640891218210500E6EA77 /* framing.c */ = {isa = PBXFileReference; fileEncoding = 4; lastKnownFileType = sourcecode.c.c; name = framing.c; path = tremor/framing.c; sourceTree = "<group>"; };
		BCB6408A1218210500E6EA77 /* info.c */ = {isa = PBXFileReference; fileEncoding = 4; lastKnownFileType = sourcecode.c.c; name = info.c; path = tremor/info.c; sourceTree = "<group>"; };
		BCB6408B1218210500E6EA77 /* ivorbiscodec.h */ = {isa = PBXFileReference; fileEncoding = 4; lastKnownFileType = sourcecode.c.h; name = ivorbiscodec.h; path = tremor/ivorbiscodec.h; sourceTree = "<group>"; };
		BCB6408C1218210500E6EA77 /* ivorbisfile.h */ = {isa = PBXFileReference; fileEncoding = 4; lastKnownFileType = sourcecode.c.h; name = ivorbisfile.h; path = tremor/ivorbisfile.h; sourceTree = "<group>"; };
		BCB6408D1218210500E6EA77 /* lsp_lookup.h */ = {isa = PBXFileReference; fileEncoding = 4; lastKnownFileType = sourcecode.c.h; name = lsp_lookup.h; path = tremor/lsp_lookup.h; sourceTree = "<group>"; };
		BCB6408E1218210500E6EA77 /* mapping0.c */ = {isa = PBXFileReference; fileEncoding = 4; lastKnownFileType = sourcecode.c.c; name = mapping0.c; path = tremor/mapping0.c; sourceTree = "<group>"; };
		BCB6408F1218210500E6EA77 /* mdct_lookup.h */ = {isa = PBXFileReference; fileEncoding = 4; lastKnownFileType = sourcecode.c.h; name = mdct_lookup.h; path = tremor/mdct_lookup.h; sourceTree = "<group>"; };
		BCB640901218210500E6EA77 /* mdct.c */ = {isa = PBXFileReference; fileEncoding = 4; lastKnownFileType = sourcecode.c.c; name = mdct.c; path = tremor/mdct.c; sourceTree = "<group>"; };
		BCB640911218210500E6EA77 /* mdct.h */ = {isa = PBXFileReference; fileEncoding = 4; lastKnownFileType = sourcecode.c.h; name = mdct.h; path = tremor/mdct.h; sourceTree = "<group>"; };
		BCB640921218210500E6EA77 /* misc.h */ = {isa = PBXFileReference; fileEncoding = 4; lastKnownFileType = sourcecode.c.h; name = misc.h; path = tremor/misc.h; sourceTree = "<group>"; };
		BCB640931218210500E6EA77 /* ogg.h */ = {isa = PBXFileReference; fileEncoding = 4; lastKnownFileType = sourcecode.c.h; name = ogg.h; path = tremor/ogg.h; sourceTree = "<group>"; };
		BCB640941218210500E6EA77 /* os_types.h */ = {isa = PBXFileReference; fileEncoding = 4; lastKnownFileType = sourcecode.c.h; name = os_types.h; path = tremor/os_types.h; sourceTree = "<group>"; };
		BCB640951218210500E6EA77 /* os.h */ = {isa = PBXFileReference; fileEncoding = 4; lastKnownFileType = sourcecode.c.h; name = os.h; path = tremor/os.h; sourceTree = "<group>"; };
		BCB640961218210500E6EA77 /* registry.c */ = {isa = PBXFileReference; fileEncoding = 4; lastKnownFileType = sourcecode.c.c; name = registry.c; path = tremor/registry.c; sourceTree = "<group>"; };
		BCB640971218210500E6EA77 /* registry.h */ = {isa = PBXFileReference; fileEncoding = 4; lastKnownFileType = sourcecode.c.h; name = registry.h; path = tremor/registry.h; sourceTree = "<group>"; };
		BCB640981218210500E6EA77 /* res012.c */ = {isa = PBXFileReference; fileEncoding = 4; lastKnownFileType = sourcecode.c.c; name = res012.c; path = tremor/res012.c; sourceTree = "<group>"; };
		BCB640991218210500E6EA77 /* sharedbook.c */ = {isa = PBXFileReference; fileEncoding = 4; lastKnownFileType = sourcecode.c.c; name = sharedbook.c; path = tremor/sharedbook.c; sourceTree = "<group>"; };
		BCB6409A1218210500E6EA77 /* synthesis.c */ = {isa = PBXFileReference; fileEncoding = 4; lastKnownFileType = sourcecode.c.c; name = synthesis.c; path = tremor/synthesis.c; sourceTree = "<group>"; };
		BCB6409B1218210500E6EA77 /* vorbisfile.c */ = {isa = PBXFileReference; fileEncoding = 4; lastKnownFileType = sourcecode.c.c; name = vorbisfile.c; path = tremor/vorbisfile.c; sourceTree = "<group>"; };
		BCB6409C1218210500E6EA77 /* window_lookup.h */ = {isa = PBXFileReference; fileEncoding = 4; lastKnownFileType = sourcecode.c.h; name = window_lookup.h; path = tremor/window_lookup.h; sourceTree = "<group>"; };
		BCB6409D1218210500E6EA77 /* window.c */ = {isa = PBXFileReference; fileEncoding = 4; lastKnownFileType = sourcecode.c.c; name = window.c; path = tremor/window.c; sourceTree = "<group>"; };
		BCB6409E1218210500E6EA77 /* window.h */ = {isa = PBXFileReference; fileEncoding = 4; lastKnownFileType = sourcecode.c.h; name = window.h; path = tremor/window.h; sourceTree = "<group>"; };
/* End PBXFileReference section */

/* Begin PBXFrameworksBuildPhase section */
		1D60588F0D05DD3D006BFB54 /* Frameworks */ = {
			isa = PBXFrameworksBuildPhase;
			buildActionMask = 2147483647;
			files = (
				1D60589F0D05DD5A006BFB54 /* Foundation.framework in Frameworks */,
				1DF5F4E00D08C38300B7A737 /* UIKit.framework in Frameworks */,
				28FD15000DC6FC520079059D /* OpenGLES.framework in Frameworks */,
				28FD15080DC6FC5B0079059D /* QuartzCore.framework in Frameworks */,
				BC85FAD41216D66C009070B8 /* OpenAL.framework in Frameworks */,
				BCB63F991218107D00E6EA77 /* libnewton.a in Frameworks */,
			);
			runOnlyForDeploymentPostprocessing = 0;
		};
/* End PBXFrameworksBuildPhase section */

/* Begin PBXGroup section */
		19C28FACFE9D520D11CA2CBB /* Products */ = {
			isa = PBXGroup;
			children = (
				1D6058910D05DD3D006BFB54 /* Squares3D.app */,
			);
			name = Products;
			sourceTree = "<group>";
		};
		29B97314FDCFA39411CA2CEA /* CustomTemplate */ = {
			isa = PBXGroup;
			children = (
				BC944B9F1219B3150021DFBD /* zlib */,
				BCB6407B121820FD00E6EA77 /* tremor */,
				BC85FAF51216DA42009070B8 /* newton */,
				BC85F9941216C590009070B8 /* expat */,
				BC89F5A71216BB7800256D13 /* source */,
				29B97317FDCFA39411CA2CEA /* Resources */,
				29B97323FDCFA39411CA2CEA /* Frameworks */,
				19C28FACFE9D520D11CA2CBB /* Products */,
			);
			name = CustomTemplate;
			sourceTree = "<group>";
		};
		29B97317FDCFA39411CA2CEA /* Resources */ = {
			isa = PBXGroup;
			children = (
				BC7C093C1217EA31008B4BEB /* Icon-72.png */,
				BC7C093D1217EA31008B4BEB /* Icon-Small-50.png */,
				BC7C06AA1217CAB2008B4BEB /* data */,
				8D1107310486CEB800E47090 /* Squares3D-Info.plist */,
				BC7EC97D121A4F3A0074D26D /* Default.png */,
			);
			name = Resources;
			sourceTree = "<group>";
		};
		29B97323FDCFA39411CA2CEA /* Frameworks */ = {
			isa = PBXGroup;
			children = (
				BC85FAD31216D66C009070B8 /* OpenAL.framework */,
				28FD15070DC6FC5B0079059D /* QuartzCore.framework */,
				28FD14FF0DC6FC520079059D /* OpenGLES.framework */,
				1DF5F4DF0D08C38300B7A737 /* UIKit.framework */,
				1D30AB110D05D00D00671497 /* Foundation.framework */,
			);
			name = Frameworks;
			sourceTree = "<group>";
		};
		BC85F9941216C590009070B8 /* expat */ = {
			isa = PBXGroup;
			children = (
				BC85F9981216C5CE009070B8 /* xmlparse.c */,
				BC85F9991216C5CE009070B8 /* xmlrole.c */,
				BC85F99A1216C5CE009070B8 /* xmltok.c */,
			);
			name = expat;
			sourceTree = "<group>";
		};
		BC85FAF51216DA42009070B8 /* newton */ = {
			isa = PBXGroup;
			children = (
				BCB63F981218107D00E6EA77 /* libnewton.a */,
			);
			name = newton;
			sourceTree = "<group>";
		};
		BC89F5A71216BB7800256D13 /* source */ = {
			isa = PBXGroup;
			children = (
				BC944BC81219B8C80021DFBD /* pvr.h */,
				BC85F9D41216C76A009070B8 /* glue.cpp */,
				BC85F9DD1216C8AA009070B8 /* common.h */,
				BC85F9D51216C76A009070B8 /* glue.h */,
				BC85FA4A1216D479009070B8 /* fence.cpp */,
				BC85FA4B1216D479009070B8 /* fence.h */,
				BC85FA4C1216D479009070B8 /* file.cpp */,
				BC85FA4D1216D479009070B8 /* file.h */,
				BC85FA4E1216D479009070B8 /* font.cpp */,
				BC85FA591216D496009070B8 /* geometry.cpp */,
				BC85FA5A1216D496009070B8 /* geometry.h */,
				BC85FA5B1216D496009070B8 /* grass.cpp */,
				BC85FA5C1216D496009070B8 /* grass.h */,
				BC85FA5D1216D496009070B8 /* input_button.cpp */,
				BC85FA5E1216D496009070B8 /* input_button.h */,
				BC85FA5F1216D496009070B8 /* input_mover.cpp */,
				BC85FA601216D496009070B8 /* input_mover.h */,
				BC85FA611216D496009070B8 /* input.cpp */,
				BC85FA621216D496009070B8 /* input.h */,
				BC85FA631216D496009070B8 /* intro.cpp */,
				BC85FA641216D496009070B8 /* intro.h */,
				BC85FA651216D496009070B8 /* language.cpp */,
				BC85FA661216D496009070B8 /* language.h */,
				BC85FA671216D496009070B8 /* level.cpp */,
				BC85FA681216D496009070B8 /* level.h */,
				BC85FA691216D496009070B8 /* material.cpp */,
				BC85FA6A1216D496009070B8 /* material.h */,
				BC85FA6B1216D496009070B8 /* menu_entries.cpp */,
				BC85FA6C1216D496009070B8 /* menu_entries.h */,
				BC85FA6D1216D496009070B8 /* menu_languages.cpp */,
				BC85FA6E1216D496009070B8 /* menu_languages.h */,
				BC85FA6F1216D496009070B8 /* menu_submenu.cpp */,
				BC85FA701216D496009070B8 /* menu_submenu.h */,
				BC85FA711216D496009070B8 /* menu.cpp */,
				BC85FA721216D496009070B8 /* menu.h */,
				BC85FA731216D496009070B8 /* mesh.cpp */,
				BC85FA741216D496009070B8 /* mesh.h */,
				BC85FA751216D496009070B8 /* message.cpp */,
				BC85FA761216D496009070B8 /* message.h */,
				BC85FA771216D496009070B8 /* messages.cpp */,
				BC85FA781216D496009070B8 /* messages.h */,
				BC85FA791216D496009070B8 /* music.cpp */,
				BC85FA7A1216D496009070B8 /* music.h */,
				BC85FA7B1216D496009070B8 /* network.cpp */,
				BC85FA7C1216D496009070B8 /* network.h */,
				BC85FA7D1216D496009070B8 /* oggDecoder.cpp */,
				BC85FA7E1216D496009070B8 /* oggDecoder.h */,
				BC85FA7F1216D496009070B8 /* player_ai.cpp */,
				BC85FA801216D496009070B8 /* player_ai.h */,
				BC85FA811216D496009070B8 /* player_local.cpp */,
				BC85FA821216D496009070B8 /* player_local.h */,
				BC85FA831216D496009070B8 /* player.cpp */,
				BC85FA841216D496009070B8 /* player.h */,
				BC85FA851216D496009070B8 /* profile.cpp */,
				BC85FA861216D496009070B8 /* profile.h */,
				BC85FA871216D496009070B8 /* properties.cpp */,
				BC85FA881216D496009070B8 /* properties.h */,
				BC85FA891216D496009070B8 /* property.cpp */,
				BC85FA8A1216D496009070B8 /* property.h */,
				BC85FA8B1216D496009070B8 /* random.cpp */,
				BC85FA8C1216D496009070B8 /* random.h */,
				BC85FA8D1216D496009070B8 /* referee_base.cpp */,
				BC85FA8E1216D496009070B8 /* referee_base.h */,
				BC85FA8F1216D496009070B8 /* referee_local.cpp */,
				BC85FA901216D496009070B8 /* referee_local.h */,
				BC85FA911216D496009070B8 /* scoreboard.cpp */,
				BC85FA921216D496009070B8 /* scoreboard.h */,
				BC85FA931216D496009070B8 /* skybox.cpp */,
				BC85FA941216D496009070B8 /* skybox.h */,
				BC85FA951216D496009070B8 /* sound_buffer.cpp */,
				BC85FA961216D496009070B8 /* sound_buffer.h */,
				BC85FA971216D496009070B8 /* sound.cpp */,
				BC85FA981216D496009070B8 /* sound.h */,
				BC85FA991216D496009070B8 /* state.h */,
				BC85FA9C1216D496009070B8 /* system.h */,
				BC85FA9D1216D496009070B8 /* texture.cpp */,
				BC85FA9E1216D496009070B8 /* texture.h */,
				BC85FA9F1216D496009070B8 /* timer.cpp */,
				BC85FAA01216D496009070B8 /* timer.h */,
				BC85FAA11216D496009070B8 /* utilities.cpp */,
				BC85FAA21216D496009070B8 /* utilities.h */,
				BC85FAA31216D496009070B8 /* version.h */,
				BC85FAA41216D496009070B8 /* vmath.cpp */,
				BC85FAA51216D496009070B8 /* vmath.h */,
				BC85FAA61216D496009070B8 /* world.cpp */,
				BC85FAA81216D496009070B8 /* xml.cpp */,
				BC85FAA71216D496009070B8 /* world.h */,
				BC85FAA91216D496009070B8 /* xml.h */,
				BC85FA4F1216D479009070B8 /* font.h */,
				BC85FA501216D479009070B8 /* formatter.cpp */,
				BC85FA511216D479009070B8 /* formatter.h */,
				BC85FA521216D479009070B8 /* fps.cpp */,
				BC85FA531216D479009070B8 /* fps.h */,
				BC85FA1F1216D46B009070B8 /* audio.cpp */,
				BC85FA201216D46B009070B8 /* audio.h */,
				BC85FA211216D46B009070B8 /* ball.cpp */,
				BC85FA221216D46B009070B8 /* ball.h */,
				BC85FA231216D46B009070B8 /* body.cpp */,
				BC85FA241216D46B009070B8 /* body.h */,
				BC85FA251216D46B009070B8 /* camera.cpp */,
				BC85FA261216D46B009070B8 /* camera.h */,
				BC85FA271216D46B009070B8 /* collision.cpp */,
				BC85FA281216D46B009070B8 /* collision.h */,
				BC85FA291216D46B009070B8 /* colors.h */,
				BC85FA2A1216D46B009070B8 /* config.cpp */,
				BC85FA2B1216D46B009070B8 /* config.h */,
				BC85F9D71216C85C009070B8 /* game.cpp */,
				BC85F9DA1216C863009070B8 /* video.cpp */,
				BC85F9DB1216C863009070B8 /* video.h */,
				BC85F9D81216C85C009070B8 /* game.h */,
				BC89F5AB1216BB9800256D13 /* EAGLView.h */,
				BC85F9601216C45E009070B8 /* Squares3DAppDelegate.h */,
				BC85F9611216C45E009070B8 /* Squares3DAppDelegate.m */,
				BC89F5AC1216BB9800256D13 /* EAGLView.m */,
				BC89F5AD1216BB9800256D13 /* ES1Renderer.h */,
				BC89F5AE1216BB9800256D13 /* ES1Renderer.m */,
				BC89F5AF1216BB9800256D13 /* ESRenderer.h */,
				BC89F5B01216BB9800256D13 /* main.m */,
			);
			name = source;
			sourceTree = "<group>";
		};
		BC944B9F1219B3150021DFBD /* zlib */ = {
			isa = PBXGroup;
			children = (
				BC944BA21219B3280021DFBD /* infback.c */,
				BC944BA31219B3280021DFBD /* inffast.c */,
				BC944BA41219B3280021DFBD /* inffast.h */,
				BC944BA51219B3280021DFBD /* inffixed.h */,
				BC944BA61219B3280021DFBD /* inflate.c */,
				BC944BA71219B3280021DFBD /* inflate.h */,
				BC944BA81219B3280021DFBD /* inftrees.c */,
				BC944BA91219B3280021DFBD /* inftrees.h */,
				BC944BAA1219B3280021DFBD /* uncompr.c */,
				BC944BAB1219B3280021DFBD /* zconf.h */,
				BC944BAC1219B3280021DFBD /* zlib.h */,
				BC944BAD1219B3280021DFBD /* zutil.c */,
				BC944BAE1219B3280021DFBD /* zutil.h */,
			);
			name = zlib;
			sourceTree = "<group>";
		};
		BCB6407B121820FD00E6EA77 /* tremor */ = {
			isa = PBXGroup;
			children = (
				BCB6407F1218210500E6EA77 /* asm_arm.h */,
				BCB640801218210500E6EA77 /* backends.h */,
				BCB640811218210500E6EA77 /* bitwise.c */,
				BCB640821218210500E6EA77 /* block.c */,
				BCB640831218210500E6EA77 /* block.h */,
				BCB640841218210500E6EA77 /* codebook.c */,
				BCB640851218210500E6EA77 /* codebook.h */,
				BCB640861218210500E6EA77 /* codec_internal.h */,
				BCB640871218210500E6EA77 /* floor0.c */,
				BCB640881218210500E6EA77 /* floor1.c */,
				BCB640891218210500E6EA77 /* framing.c */,
				BCB6408A1218210500E6EA77 /* info.c */,
				BCB6408B1218210500E6EA77 /* ivorbiscodec.h */,
				BCB6408C1218210500E6EA77 /* ivorbisfile.h */,
				BCB6408D1218210500E6EA77 /* lsp_lookup.h */,
				BCB6408E1218210500E6EA77 /* mapping0.c */,
				BCB6408F1218210500E6EA77 /* mdct_lookup.h */,
				BCB640901218210500E6EA77 /* mdct.c */,
				BCB640911218210500E6EA77 /* mdct.h */,
				BCB640921218210500E6EA77 /* misc.h */,
				BCB640931218210500E6EA77 /* ogg.h */,
				BCB640941218210500E6EA77 /* os_types.h */,
				BCB640951218210500E6EA77 /* os.h */,
				BCB640961218210500E6EA77 /* registry.c */,
				BCB640971218210500E6EA77 /* registry.h */,
				BCB640981218210500E6EA77 /* res012.c */,
				BCB640991218210500E6EA77 /* sharedbook.c */,
				BCB6409A1218210500E6EA77 /* synthesis.c */,
				BCB6409B1218210500E6EA77 /* vorbisfile.c */,
				BCB6409C1218210500E6EA77 /* window_lookup.h */,
				BCB6409D1218210500E6EA77 /* window.c */,
				BCB6409E1218210500E6EA77 /* window.h */,
			);
			name = tremor;
			sourceTree = "<group>";
		};
/* End PBXGroup section */

/* Begin PBXNativeTarget section */
		1D6058900D05DD3D006BFB54 /* Squares3D */ = {
			isa = PBXNativeTarget;
			buildConfigurationList = 1D6058960D05DD3E006BFB54 /* Build configuration list for PBXNativeTarget "Squares3D" */;
			buildPhases = (
				1D60588D0D05DD3D006BFB54 /* Resources */,
				1D60588E0D05DD3D006BFB54 /* Sources */,
				1D60588F0D05DD3D006BFB54 /* Frameworks */,
			);
			buildRules = (
			);
			dependencies = (
			);
			name = Squares3D;
			productName = Squares3D;
			productReference = 1D6058910D05DD3D006BFB54 /* Squares3D.app */;
			productType = "com.apple.product-type.application";
		};
/* End PBXNativeTarget section */

/* Begin PBXProject section */
		29B97313FDCFA39411CA2CEA /* Project object */ = {
			isa = PBXProject;
			buildConfigurationList = C01FCF4E08A954540054247B /* Build configuration list for PBXProject "Squares3D" */;
			compatibilityVersion = "Xcode 3.1";
			developmentRegion = English;
			hasScannedForEncodings = 1;
			knownRegions = (
				English,
				Japanese,
				French,
				German,
			);
			mainGroup = 29B97314FDCFA39411CA2CEA /* CustomTemplate */;
			projectDirPath = "";
			projectRoot = "";
			targets = (
				1D6058900D05DD3D006BFB54 /* Squares3D */,
			);
		};
/* End PBXProject section */

/* Begin PBXResourcesBuildPhase section */
		1D60588D0D05DD3D006BFB54 /* Resources */ = {
			isa = PBXResourcesBuildPhase;
			buildActionMask = 2147483647;
			files = (
				BC7C072C1217CAB2008B4BEB /* data in Resources */,
				BC7C093E1217EA31008B4BEB /* Icon-72.png in Resources */,
				BC7C093F1217EA31008B4BEB /* Icon-Small-50.png in Resources */,
				BC7EC97E121A4F3A0074D26D /* Default.png in Resources */,
			);
			runOnlyForDeploymentPostprocessing = 0;
		};
/* End PBXResourcesBuildPhase section */

/* Begin PBXSourcesBuildPhase section */
		1D60588E0D05DD3D006BFB54 /* Sources */ = {
			isa = PBXSourcesBuildPhase;
			buildActionMask = 2147483647;
			files = (
				BC89F5B11216BB9800256D13 /* EAGLView.m in Sources */,
				BC89F5B21216BB9800256D13 /* ES1Renderer.m in Sources */,
				BC89F5B31216BB9800256D13 /* main.m in Sources */,
				BC85F9621216C45E009070B8 /* Squares3DAppDelegate.m in Sources */,
				BC85F99B1216C5CE009070B8 /* xmlparse.c in Sources */,
				BC85F99C1216C5CE009070B8 /* xmlrole.c in Sources */,
				BC85F99D1216C5CE009070B8 /* xmltok.c in Sources */,
				BC85F9D61216C76A009070B8 /* glue.cpp in Sources */,
				BC85F9D91216C85C009070B8 /* game.cpp in Sources */,
				BC85F9DC1216C863009070B8 /* video.cpp in Sources */,
				BC85FA2C1216D46B009070B8 /* audio.cpp in Sources */,
				BC85FA2D1216D46B009070B8 /* ball.cpp in Sources */,
				BC85FA2E1216D46B009070B8 /* body.cpp in Sources */,
				BC85FA2F1216D46B009070B8 /* camera.cpp in Sources */,
				BC85FA301216D46B009070B8 /* collision.cpp in Sources */,
				BC85FA311216D46B009070B8 /* config.cpp in Sources */,
				BC85FA541216D479009070B8 /* fence.cpp in Sources */,
				BC85FA551216D479009070B8 /* file.cpp in Sources */,
				BC85FA561216D479009070B8 /* font.cpp in Sources */,
				BC85FA571216D479009070B8 /* formatter.cpp in Sources */,
				BC85FA581216D479009070B8 /* fps.cpp in Sources */,
				BC85FAAA1216D496009070B8 /* geometry.cpp in Sources */,
				BC85FAAB1216D496009070B8 /* grass.cpp in Sources */,
				BC85FAAC1216D496009070B8 /* input_button.cpp in Sources */,
				BC85FAAD1216D496009070B8 /* input_mover.cpp in Sources */,
				BC85FAAE1216D496009070B8 /* input.cpp in Sources */,
				BC85FAAF1216D496009070B8 /* intro.cpp in Sources */,
				BC85FAB01216D496009070B8 /* language.cpp in Sources */,
				BC85FAB11216D496009070B8 /* level.cpp in Sources */,
				BC85FAB21216D496009070B8 /* material.cpp in Sources */,
				BC85FAB31216D496009070B8 /* menu_entries.cpp in Sources */,
				BC85FAB41216D496009070B8 /* menu_languages.cpp in Sources */,
				BC85FAB51216D496009070B8 /* menu_submenu.cpp in Sources */,
				BC85FAB61216D496009070B8 /* menu.cpp in Sources */,
				BC85FAB71216D496009070B8 /* mesh.cpp in Sources */,
				BC85FAB81216D496009070B8 /* message.cpp in Sources */,
				BC85FAB91216D496009070B8 /* messages.cpp in Sources */,
				BC85FABA1216D496009070B8 /* music.cpp in Sources */,
				BC85FABB1216D496009070B8 /* network.cpp in Sources */,
				BC85FABC1216D496009070B8 /* oggDecoder.cpp in Sources */,
				BC85FABD1216D496009070B8 /* player_ai.cpp in Sources */,
				BC85FABE1216D496009070B8 /* player_local.cpp in Sources */,
				BC85FABF1216D496009070B8 /* player.cpp in Sources */,
				BC85FAC01216D496009070B8 /* profile.cpp in Sources */,
				BC85FAC11216D496009070B8 /* properties.cpp in Sources */,
				BC85FAC21216D496009070B8 /* property.cpp in Sources */,
				BC85FAC31216D496009070B8 /* random.cpp in Sources */,
				BC85FAC41216D496009070B8 /* referee_base.cpp in Sources */,
				BC85FAC51216D496009070B8 /* referee_local.cpp in Sources */,
				BC85FAC61216D496009070B8 /* scoreboard.cpp in Sources */,
				BC85FAC71216D496009070B8 /* skybox.cpp in Sources */,
				BC85FAC81216D496009070B8 /* sound_buffer.cpp in Sources */,
				BC85FAC91216D496009070B8 /* sound.cpp in Sources */,
				BC85FACB1216D496009070B8 /* texture.cpp in Sources */,
				BC85FACC1216D496009070B8 /* timer.cpp in Sources */,
				BC85FACD1216D496009070B8 /* utilities.cpp in Sources */,
				BC85FACE1216D496009070B8 /* vmath.cpp in Sources */,
				BC85FACF1216D496009070B8 /* world.cpp in Sources */,
				BC85FAD01216D496009070B8 /* xml.cpp in Sources */,
				BCB6409F1218210500E6EA77 /* bitwise.c in Sources */,
				BCB640A01218210500E6EA77 /* block.c in Sources */,
				BCB640A11218210500E6EA77 /* codebook.c in Sources */,
				BCB640A21218210500E6EA77 /* floor0.c in Sources */,
				BCB640A31218210500E6EA77 /* floor1.c in Sources */,
				BCB640A41218210500E6EA77 /* framing.c in Sources */,
				BCB640A51218210500E6EA77 /* info.c in Sources */,
				BCB640A61218210500E6EA77 /* mapping0.c in Sources */,
				BCB640A71218210500E6EA77 /* mdct.c in Sources */,
				BCB640A81218210500E6EA77 /* registry.c in Sources */,
				BCB640A91218210500E6EA77 /* res012.c in Sources */,
				BCB640AA1218210500E6EA77 /* sharedbook.c in Sources */,
				BCB640AB1218210500E6EA77 /* synthesis.c in Sources */,
				BCB640AC1218210500E6EA77 /* vorbisfile.c in Sources */,
				BCB640AD1218210500E6EA77 /* window.c in Sources */,
				BC944BAF1219B3280021DFBD /* infback.c in Sources */,
				BC944BB01219B3280021DFBD /* inffast.c in Sources */,
				BC944BB11219B3280021DFBD /* inflate.c in Sources */,
				BC944BB21219B3280021DFBD /* inftrees.c in Sources */,
				BC944BB31219B3280021DFBD /* uncompr.c in Sources */,
				BC944BB41219B3280021DFBD /* zutil.c in Sources */,
			);
			runOnlyForDeploymentPostprocessing = 0;
		};
/* End PBXSourcesBuildPhase section */

/* Begin XCBuildConfiguration section */
		1D6058940D05DD3E006BFB54 /* Debug */ = {
			isa = XCBuildConfiguration;
			buildSettings = {
				ALWAYS_SEARCH_USER_PATHS = NO;
				COPY_PHASE_STRIP = NO;
				GCC_DYNAMIC_NO_PIC = NO;
				GCC_ENABLE_CPP_EXCEPTIONS = NO;
				GCC_ENABLE_CPP_RTTI = NO;
				GCC_ENABLE_OBJC_EXCEPTIONS = NO;
				GCC_OPTIMIZATION_LEVEL = 0;
				GCC_PRECOMPILE_PREFIX_HEADER = NO;
				GCC_PREFIX_HEADER = "";
				"GCC_THUMB_SUPPORT[arch=armv6]" = "";
				INFOPLIST_FILE = "Squares3D-Info.plist";
				LIBRARY_SEARCH_PATHS = (
					"$(inherited)",
					"\"$(SRCROOT)/newton\"",
				);
				PRODUCT_NAME = Squares3D;
			};
			name = Debug;
		};
		1D6058950D05DD3E006BFB54 /* Release */ = {
			isa = XCBuildConfiguration;
			buildSettings = {
				ALWAYS_SEARCH_USER_PATHS = NO;
				COPY_PHASE_STRIP = YES;
				GCC_ENABLE_CPP_EXCEPTIONS = NO;
				GCC_ENABLE_CPP_RTTI = NO;
				GCC_ENABLE_OBJC_EXCEPTIONS = NO;
				GCC_PRECOMPILE_PREFIX_HEADER = NO;
				GCC_PREFIX_HEADER = "";
				"GCC_THUMB_SUPPORT[arch=armv6]" = "";
				INFOPLIST_FILE = "Squares3D-Info.plist";
				LIBRARY_SEARCH_PATHS = (
					"$(inherited)",
					"\"$(SRCROOT)/newton\"",
				);
				PRODUCT_NAME = Squares3D;
				VALIDATE_PRODUCT = YES;
			};
			name = Release;
		};
		C01FCF4F08A954540054247B /* Debug */ = {
			isa = XCBuildConfiguration;
			buildSettings = {
				ARCHS = "$(ARCHS_UNIVERSAL_IPHONE_OS)";
				"CODE_SIGN_IDENTITY[sdk=iphoneos*]" = "iPhone Developer";
				GCC_C_LANGUAGE_STANDARD = c99;
				GCC_PREPROCESSOR_DEFINITIONS = (
					ZLIB_NO_CHECKSUM,
					NO_GZIP,
					COMPILED_FROM_DSP,
					DEBUG,
				);
				GCC_THUMB_SUPPORT = NO;
				GCC_WARN_ABOUT_RETURN_TYPE = YES;
				GCC_WARN_UNUSED_VARIABLE = YES;
				HEADER_SEARCH_PATHS = (
					tremor,
					expat,
					newton,
					zlib,
				);
				PREBINDING = NO;
				SDKROOT = iphoneos;
				TARGETED_DEVICE_FAMILY = 2;
				VALID_ARCHS = armv7;
			};
			name = Debug;
		};
		C01FCF5008A954540054247B /* Release */ = {
			isa = XCBuildConfiguration;
			buildSettings = {
				ARCHS = "$(ARCHS_UNIVERSAL_IPHONE_OS)";
				"CODE_SIGN_IDENTITY[sdk=iphoneos*]" = "iPhone Developer";
				GCC_AUTO_VECTORIZATION = YES;
				GCC_C_LANGUAGE_STANDARD = c99;
				GCC_ENABLE_CPP_EXCEPTIONS = NO;
				GCC_ENABLE_CPP_RTTI = NO;
				GCC_ENABLE_OBJC_EXCEPTIONS = NO;
				GCC_ENABLE_SYMBOL_SEPARATION = NO;
				GCC_FAST_MATH = NO;
				GCC_GENERATE_DEBUGGING_SYMBOLS = NO;
				GCC_INLINES_ARE_PRIVATE_EXTERN = YES;
				GCC_MODEL_TUNING = "";
				GCC_OPTIMIZATION_LEVEL = 3;
				GCC_PREPROCESSOR_DEFINITIONS = (
					"asm=__asm",
					_ARM_ASSEM_,
					COMPILED_FROM_DSP,
					ZLIB_NO_CHECKSUM,
					NO_GZIP,
				);
				GCC_THUMB_SUPPORT = NO;
				GCC_VERSION = com.apple.compilers.llvmgcc42;
				GCC_WARN_ABOUT_RETURN_TYPE = YES;
				GCC_WARN_UNUSED_VARIABLE = YES;
				HEADER_SEARCH_PATHS = (
					tremor,
					expat,
					newton,
					zlib,
				);
				OTHER_CFLAGS = "-DNS_BLOCK_ASSERTIONS=1";
				PREBINDING = NO;
				SDKROOT = iphoneos;
				TARGETED_DEVICE_FAMILY = 2;
				VALID_ARCHS = armv7;
			};
			name = Release;
		};
/* End XCBuildConfiguration section */

/* Begin XCConfigurationList section */
		1D6058960D05DD3E006BFB54 /* Build configuration list for PBXNativeTarget "Squares3D" */ = {
			isa = XCConfigurationList;
			buildConfigurations = (
				1D6058940D05DD3E006BFB54 /* Debug */,
				1D6058950D05DD3E006BFB54 /* Release */,
			);
			defaultConfigurationIsVisible = 0;
			defaultConfigurationName = Release;
		};
		C01FCF4E08A954540054247B /* Build configuration list for PBXProject "Squares3D" */ = {
			isa = XCConfigurationList;
			buildConfigurations = (
				C01FCF4F08A954540054247B /* Debug */,
				C01FCF5008A954540054247B /* Release */,
			);
			defaultConfigurationIsVisible = 0;
			defaultConfigurationName = Release;
		};
/* End XCConfigurationList section */
	};
	rootObject = 29B97313FDCFA39411CA2CEA /* Project object */;
}
